
Microsoft Visual Studio Solution File, Format Version 12.00
# Visual Studio 15
VisualStudioVersion = 15.0.27130.2024
MinimumVisualStudioVersion = 10.0.40219.1
Project("{FAE04EC0-301F-11D3-BF4B-00C04F79EFBC}") = "ComputeTaskMeanSD", "ComputeTaskMeanSD\ComputeTaskMeanSD.csproj", "{B162163A-17CF-4D61-85DB-CAA5724605A5}"
EndProject
Global
	GlobalSection(SolutionConfigurationPlatforms) = preSolution
		Debug|Any CPU = Debug|Any CPU
		Release|Any CPU = Release|Any CPU
	EndGlobalSection
	GlobalSection(ProjectConfigurationPlatforms) = postSolution
		{B162163A-17CF-4D61-85DB-CAA5724605A5}.Debug|Any CPU.ActiveCfg = Debug|Any CPU
		{B162163A-17CF-4D61-85DB-CAA5724605A5}.Debug|Any CPU.Build.0 = Debug|Any CPU
		{B162163A-17CF-4D61-85DB-CAA5724605A5}.Release|Any CPU.ActiveCfg = Release|Any CPU
		{B162163A-17CF-4D61-85DB-CAA5724605A5}.Release|Any CPU.Build.0 = Release|Any CPU
	EndGlobalSection
	GlobalSection(SolutionProperties) = preSolution
		HideSolutionNode = FALSE
	EndGlobalSection
	GlobalSection(ExtensibilityGlobals) = postSolution
		SolutionGuid = {03866555-D050-445C-B0A2-C90B63A28359}
	EndGlobalSection
EndGlobal
